// !$*UTF8*$!
{
	archiveVersion = 1;
	classes = {
	};
	objectVersion = 46;
	objects = {

/* Begin PBXBuildFile section */
		37364EDD1EC2C64200F99DBD /* AppDelegate.swift in Sources */ = {isa = PBXBuildFile; fileRef = 37364EDC1EC2C64200F99DBD /* AppDelegate.swift */; };
		37364EE21EC2C64200F99DBD /* Main.storyboard in Resources */ = {isa = PBXBuildFile; fileRef = 37364EE01EC2C64200F99DBD /* Main.storyboard */; };
		37364EE41EC2C64200F99DBD /* Assets.xcassets in Resources */ = {isa = PBXBuildFile; fileRef = 37364EE31EC2C64200F99DBD /* Assets.xcassets */; };
		37364EE71EC2C64200F99DBD /* LaunchScreen.storyboard in Resources */ = {isa = PBXBuildFile; fileRef = 37364EE51EC2C64200F99DBD /* LaunchScreen.storyboard */; };
		37364EEF1EC2CBEE00F99DBD /* TipCalculatorBrain.swift in Sources */ = {isa = PBXBuildFile; fileRef = 37364EEE1EC2CBEE00F99DBD /* TipCalculatorBrain.swift */; };
		37E0D7AC1EC2EA97000C058A /* CalculatorViewController.swift in Sources */ = {isa = PBXBuildFile; fileRef = 37E0D7AB1EC2EA97000C058A /* CalculatorViewController.swift */; };
/* End PBXBuildFile section */

/* Begin PBXFileReference section */
		37364ED91EC2C64200F99DBD /* TipICal.app */ = {isa = PBXFileReference; explicitFileType = wrapper.application; includeInIndex = 0; path = TipICal.app; sourceTree = BUILT_PRODUCTS_DIR; };
		37364EDC1EC2C64200F99DBD /* AppDelegate.swift */ = {isa = PBXFileReference; lastKnownFileType = sourcecode.swift; path = AppDelegate.swift; sourceTree = "<group>"; };
		37364EE11EC2C64200F99DBD /* Base */ = {isa = PBXFileReference; lastKnownFileType = file.storyboard; name = Base; path = Base.lproj/Main.storyboard; sourceTree = "<group>"; };
		37364EE31EC2C64200F99DBD /* Assets.xcassets */ = {isa = PBXFileReference; lastKnownFileType = folder.assetcatalog; path = Assets.xcassets; sourceTree = "<group>"; };
		37364EE61EC2C64200F99DBD /* Base */ = {isa = PBXFileReference; lastKnownFileType = file.storyboard; name = Base; path = Base.lproj/LaunchScreen.storyboard; sourceTree = "<group>"; };
		37364EE81EC2C64200F99DBD /* Info.plist */ = {isa = PBXFileReference; lastKnownFileType = text.plist.xml; path = Info.plist; sourceTree = "<group>"; };
		37364EEE1EC2CBEE00F99DBD /* TipCalculatorBrain.swift */ = {isa = PBXFileReference; fileEncoding = 4; lastKnownFileType = sourcecode.swift; path = TipCalculatorBrain.swift; sourceTree = "<group>"; };
		37E0D7AB1EC2EA97000C058A /* CalculatorViewController.swift */ = {isa = PBXFileReference; fileEncoding = 4; lastKnownFileType = sourcecode.swift; path = CalculatorViewController.swift; sourceTree = "<group>"; };
/* End PBXFileReference section */

/* Begin PBXFrameworksBuildPhase section */
		37364ED61EC2C64200F99DBD /* Frameworks */ = {
			isa = PBXFrameworksBuildPhase;
			buildActionMask = 2147483647;
			files = (
			);
			runOnlyForDeploymentPostprocessing = 0;
		};
/* End PBXFrameworksBuildPhase section */

/* Begin PBXGroup section */
		37364ED01EC2C64200F99DBD = {
			isa = PBXGroup;
			children = (
				37364EDB1EC2C64200F99DBD /* TipICal */,
				37364EDA1EC2C64200F99DBD /* Products */,
			);
			sourceTree = "<group>";
		};
		37364EDA1EC2C64200F99DBD /* Products */ = {
			isa = PBXGroup;
			children = (
				37364ED91EC2C64200F99DBD /* TipICal.app */,
			);
			name = Products;
			sourceTree = "<group>";
		};
		37364EDB1EC2C64200F99DBD /* TipICal */ = {
			isa = PBXGroup;
			children = (
				37364EDC1EC2C64200F99DBD /* AppDelegate.swift */,
				37E0D7AB1EC2EA97000C058A /* CalculatorViewController.swift */,
				37364EEE1EC2CBEE00F99DBD /* TipCalculatorBrain.swift */,
				37364EE01EC2C64200F99DBD /* Main.storyboard */,
				37364EE31EC2C64200F99DBD /* Assets.xcassets */,
				37364EE51EC2C64200F99DBD /* LaunchScreen.storyboard */,
				37364EE81EC2C64200F99DBD /* Info.plist */,
			);
			path = TipICal;
			sourceTree = "<group>";
		};
/* End PBXGroup section */

/* Begin PBXNativeTarget section */
		37364ED81EC2C64200F99DBD /* TipICal */ = {
			isa = PBXNativeTarget;
			buildConfigurationList = 37364EEB1EC2C64200F99DBD /* Build configuration list for PBXNativeTarget "TipICal" */;
			buildPhases = (
				37364ED51EC2C64200F99DBD /* Sources */,
				37364ED61EC2C64200F99DBD /* Frameworks */,
				37364ED71EC2C64200F99DBD /* Resources */,
			);
			buildRules = (
			);
			dependencies = (
			);
			name = TipICal;
			productName = TipICal;
			productReference = 37364ED91EC2C64200F99DBD /* TipICal.app */;
			productType = "com.apple.product-type.application";
		};
/* End PBXNativeTarget section */

/* Begin PBXProject section */
		37364ED11EC2C64200F99DBD /* Project object */ = {
			isa = PBXProject;
			attributes = {
				LastSwiftUpdateCheck = 0830;
				LastUpgradeCheck = 0830;
				ORGANIZATIONNAME = "Kent Kawahara";
				TargetAttributes = {
					37364ED81EC2C64200F99DBD = {
						CreatedOnToolsVersion = 8.3.2;
						DevelopmentTeam = 3C9J89M6A3;
						ProvisioningStyle = Automatic;
					};
				};
			};
			buildConfigurationList = 37364ED41EC2C64200F99DBD /* Build configuration list for PBXProject "TipICal" */;
			compatibilityVersion = "Xcode 3.2";
			developmentRegion = English;
			hasScannedForEncodings = 0;
			knownRegions = (
				en,
				Base,
			);
			mainGroup = 37364ED01EC2C64200F99DBD;
			productRefGroup = 37364EDA1EC2C64200F99DBD /* Products */;
			projectDirPath = "";
			projectRoot = "";
			targets = (
				37364ED81EC2C64200F99DBD /* TipICal */,
			);
		};
/* End PBXProject section */

/* Begin PBXResourcesBuildPhase section */
		37364ED71EC2C64200F99DBD /* Resources */ = {
			isa = PBXResourcesBuildPhase;
			buildActionMask = 2147483647;
			files = (
				37364EE71EC2C64200F99DBD /* LaunchScreen.storyboard in Resources */,
				37364EE41EC2C64200F99DBD /* Assets.xcassets in Resources */,
				37364EE21EC2C64200F99DBD /* Main.storyboard in Resources */,
			);
			runOnlyForDeploymentPostprocessing = 0;
		};
/* End PBXResourcesBuildPhase section */

/* Begin PBXSourcesBuildPhase section */
		37364ED51EC2C64200F99DBD /* Sources */ = {
			isa = PBXSourcesBuildPhase;
			buildActionMask = 2147483647;
			files = (
				37364EEF1EC2CBEE00F99DBD /* TipCalculatorBrain.swift in Sources */,
				37E0D7AC1EC2EA97000C058A /* CalculatorViewController.swift in Sources */,
				37364EDD1EC2C64200F99DBD /* AppDelegate.swift in Sources */,
			);
			runOnlyForDeploymentPostprocessing = 0;
		};
/* End PBXSourcesBuildPhase section */

/* Begin PBXVariantGroup section */
		37364EE01EC2C64200F99DBD /* Main.storyboard */ = {
			isa = PBXVariantGroup;
			children = (
				37364EE11EC2C64200F99DBD /* Base */,
			);
			name = Main.storyboard;
			sourceTree = "<group>";
		};
		37364EE51EC2C64200F99DBD /* LaunchScreen.storyboard */ = {
			isa = PBXVariantGroup;
			children = (
				37364EE61EC2C64200F99DBD /* Base */,
			);
			name = LaunchScreen.storyboard;
			sourceTree = "<group>";
		};
/* End PBXVariantGroup section */

/* Begin XCBuildConfiguration section */
		37364EE91EC2C64200F99DBD /* Debug */ = {
			isa = XCBuildConfiguration;
			buildSettings = {
				ALWAYS_SEARCH_USER_PATHS = NO;
				CLANG_ANALYZER_NONNULL = YES;
				CLANG_ANALYZER_NUMBER_OBJECT_CONVERSION = YES_AGGRESSIVE;
				CLANG_CXX_LANGUAGE_STANDARD = "gnu++0x";
				CLANG_CXX_LIBRARY = "libc++";
				CLANG_ENABLE_MODULES = YES;
				CLANG_ENABLE_OBJC_ARC = YES;
				CLANG_WARN_BOOL_CONVERSION = YES;
				CLANG_WARN_CONSTANT_CONVERSION = YES;
				CLANG_WARN_DIRECT_OBJC_ISA_USAGE = YES_ERROR;
				CLANG_WARN_DOCUMENTATION_COMMENTS = YES;
				CLANG_WARN_EMPTY_BODY = YES;
				CLANG_WARN_ENUM_CONVERSION = YES;
				CLANG_WARN_INFINITE_RECURSION = YES;
				CLANG_WARN_INT_CONVERSION = YES;
				CLANG_WARN_OBJC_ROOT_CLASS = YES_ERROR;
				CLANG_WARN_SUSPICIOUS_MOVE = YES;
				CLANG_WARN_UNREACHABLE_CODE = YES;
				CLANG_WARN__DUPLICATE_METHOD_MATCH = YES;
				"CODE_SIGN_IDENTITY[sdk=iphoneos*]" = "iPhone Developer";
				COPY_PHASE_STRIP = NO;
				DEBUG_INFORMATION_FORMAT = dwarf;
				ENABLE_STRICT_OBJC_MSGSEND = YES;
				ENABLE_TESTABILITY = YES;
				GCC_C_LANGUAGE_STANDARD = gnu99;
				GCC_DYNAMIC_NO_PIC = NO;
				GCC_NO_COMMON_BLOCKS = YES;
				GCC_OPTIMIZATION_LEVEL = 0;
				GCC_PREPROCESSOR_DEFINITIONS = (
					"DEBUG=1",
					"$(inherited)",
				);
				GCC_WARN_64_TO_32_BIT_CONVERSION = YES;
				GCC_WARN_ABOUT_RETURN_TYPE = YES_ERROR;
				GCC_WARN_UNDECLARED_SELECTOR = YES;
				GCC_WARN_UNINITIALIZED_AUTOS = YES_AGGRESSIVE;
				GCC_WARN_UNUSED_FUNCTION = YES;
				GCC_WARN_UNUSED_VARIABLE = YES;
				IPHONEOS_DEPLOYMENT_TARGET = 10.3;
				MTL_ENABLE_DEBUG_INFO = YES;
				ONLY_ACTIVE_ARCH = YES;
				SDKROOT = iphoneos;
				SWIFT_ACTIVE_COMPILATION_CONDITIONS = DEBUG;
				SWIFT_OPTIMIZATION_LEVEL = "-Onone";
				TARGETED_DEVICE_FAMILY = "1,2";
			};
			name = Debug;
		};
		37364EEA1EC2C64200F99DBD /* Release */ = {
			isa = XCBuildConfiguration;
			buildSettings = {
				ALWAYS_SEARCH_USER_PATHS = NO;
				CLANG_ANALYZER_NONNULL = YES;
				CLANG_ANALYZER_NUMBER_OBJECT_CONVERSION = YES_AGGRESSIVE;
				CLANG_CXX_LANGUAGE_STANDARD = "gnu++0x";
				CLANG_CXX_LIBRARY = "libc++";
				CLANG_ENABLE_MODULES = YES;
				CLANG_ENABLE_OBJC_ARC = YES;
				CLANG_WARN_BOOL_CONVERSION = YES;
				CLANG_WARN_CONSTANT_CONVERSION = YES;
				CLANG_WARN_DIRECT_OBJC_ISA_USAGE = YES_ERROR;
				CLANG_WARN_DOCUMENTATION_COMMENTS = YES;
				CLANG_WARN_EMPTY_BODY = YES;
				CLANG_WARN_ENUM_CONVERSION = YES;
				CLANG_WARN_INFINITE_RECURSION = YES;
				CLANG_WARN_INT_CONVERSION = YES;
				CLANG_WARN_OBJC_ROOT_CLASS = YES_ERROR;
				CLANG_WARN_SUSPICIOUS_MOVE = YES;
				CLANG_WARN_UNREACHABLE_CODE = YES;
				CLANG_WARN__DUPLICATE_METHOD_MATCH = YES;
				"CODE_SIGN_IDENTITY[sdk=iphoneos*]" = "iPhone Developer";
				COPY_PHASE_STRIP = NO;
				DEBUG_INFORMATION_FORMAT = "dwarf-with-dsym";
				ENABLE_NS_ASSERTIONS = NO;
				ENABLE_STRICT_OBJC_MSGSEND = YES;
				GCC_C_LANGUAGE_STANDARD = gnu99;
				GCC_NO_COMMON_BLOCKS = YES;
				GCC_WARN_64_TO_32_BIT_CONVERSION = YES;
				GCC_WARN_ABOUT_RETURN_TYPE = YES_ERROR;
				GCC_WARN_UNDECLARED_SELECTOR = YES;
				GCC_WARN_UNINITIALIZED_AUTOS = YES_AGGRESSIVE;
				GCC_WARN_UNUSED_FUNCTION = YES;
				GCC_WARN_UNUSED_VARIABLE = YES;
				IPHONEOS_DEPLOYMENT_TARGET = 10.3;
				MTL_ENABLE_DEBUG_INFO = NO;
				SDKROOT = iphoneos;
				SWIFT_OPTIMIZATION_LEVEL = "-Owholemodule";
				TARGETED_DEVICE_FAMILY = "1,2";
				VALIDATE_PRODUCT = YES;
			};
			name = Release;
		};
		37364EEC1EC2C64200F99DBD /* Debug */ = {
			isa = XCBuildConfiguration;
			buildSettings = {
				ASSETCATALOG_COMPILER_APPICON_NAME = AppIcon;
				DEVELOPMENT_TEAM = 3C9J89M6A3;
				INFOPLIST_FILE = TipICal/Info.plist;
				LD_RUNPATH_SEARCH_PATHS = "$(inherited) @executable_path/Frameworks";
				PRODUCT_BUNDLE_IDENTIFIER = doubleK.TipICal;
				PRODUCT_NAME = "$(TARGET_NAME)";
				SWIFT_VERSION = 3.0;
			};
			name = Debug;
		};
		37364EED1EC2C64200F99DBD /* Release */ = {
			isa = XCBuildConfiguration;
			buildSettings = {
				ASSETCATALOG_COMPILER_APPICON_NAME = AppIcon;
				DEVELOPMENT_TEAM = 3C9J89M6A3;
				INFOPLIST_FILE = TipICal/Info.plist;
				LD_RUNPATH_SEARCH_PATHS = "$(inherited) @executable_path/Frameworks";
				PRODUCT_BUNDLE_IDENTIFIER = doubleK.TipICal;
				PRODUCT_NAME = "$(TARGET_NAME)";
				SWIFT_VERSION = 3.0;
			};
			name = Release;
		};
/* End XCBuildConfiguration section */

/* Begin XCConfigurationList section */
		37364ED41EC2C64200F99DBD /* Build configuration list for PBXProject "TipICal" */ = {
			isa = XCConfigurationList;
			buildConfigurations = (
				37364EE91EC2C64200F99DBD /* Debug */,
				37364EEA1EC2C64200F99DBD /* Release */,
			);
			defaultConfigurationIsVisible = 0;
			defaultConfigurationName = Release;
		};
		37364EEB1EC2C64200F99DBD /* Build configuration list for PBXNativeTarget "TipICal" */ = {
			isa = XCConfigurationList;
			buildConfigurations = (
				37364EEC1EC2C64200F99DBD /* Debug */,
				37364EED1EC2C64200F99DBD /* Release */,
			);
			defaultConfigurationIsVisible = 0;
			defaultConfigurationName = Release;
		};
/* End XCConfigurationList section */
	};
	rootObject = 37364ED11EC2C64200F99DBD /* Project object */;
}
